
Microsoft Visual Studio Solution File, Format Version 12.00
Project("{FAE04EC0-301F-11D3-BF4B-00C04F79EFBC}") = "Triangulo.TDD", "Triangulo.TDD\Triangulo.TDD.csproj", "{A5183E36-1A44-440A-BE37-CC87F96FDDE4}"
EndProject
Project("{2150E333-8FDC-42A3-9474-1A3956D46DE8}") = "CEP", "CEP", "{E02602CD-451E-47B3-9D23-83B1E9D19E12}"
EndProject
Project("{FAE04EC0-301F-11D3-BF4B-00C04F79EFBC}") = "CEP.Domain", "CEP.Domain\CEP.Domain.csproj", "{22A7A26C-7559-4F5A-8CB5-9B3708E63DC7}"
EndProject
Project("{FAE04EC0-301F-11D3-BF4B-00C04F79EFBC}") = "CEP.CLI", "CEP.CLI\CEP.CLI.csproj", "{96A8960B-BBB0-477E-861F-9EE3B4FB7D13}"
EndProject
Project("{FAE04EC0-301F-11D3-BF4B-00C04F79EFBC}") = "CEP.Infra", "CEP.Infra\CEP.Infra.csproj", "{B8DB04A7-8A6F-44FB-81BC-B76D6F4ED59B}"
EndProject
Project("{FAE04EC0-301F-11D3-BF4B-00C04F79EFBC}") = "CEP.Service", "CEP.Service\CEP.Service.csproj", "{81637AAF-7449-4F87-B63B-4B7478F4CB42}"
EndProject
Project("{FAE04EC0-301F-11D3-BF4B-00C04F79EFBC}") = "Triangulo.Domain", "Triangulo.Domain\Triangulo.Domain.csproj", "{E8B4EC98-D060-4588-996C-B13588BB9529}"
EndProject
Global
	GlobalSection(SolutionConfigurationPlatforms) = preSolution
		Debug|Any CPU = Debug|Any CPU
		Release|Any CPU = Release|Any CPU
	EndGlobalSection
	GlobalSection(ProjectConfigurationPlatforms) = postSolution
		{A5183E36-1A44-440A-BE37-CC87F96FDDE4}.Debug|Any CPU.ActiveCfg = Debug|Any CPU
		{A5183E36-1A44-440A-BE37-CC87F96FDDE4}.Debug|Any CPU.Build.0 = Debug|Any CPU
		{A5183E36-1A44-440A-BE37-CC87F96FDDE4}.Release|Any CPU.ActiveCfg = Release|Any CPU
		{A5183E36-1A44-440A-BE37-CC87F96FDDE4}.Release|Any CPU.Build.0 = Release|Any CPU
		{22A7A26C-7559-4F5A-8CB5-9B3708E63DC7}.Debug|Any CPU.ActiveCfg = Debug|Any CPU
		{22A7A26C-7559-4F5A-8CB5-9B3708E63DC7}.Debug|Any CPU.Build.0 = Debug|Any CPU
		{22A7A26C-7559-4F5A-8CB5-9B3708E63DC7}.Release|Any CPU.ActiveCfg = Release|Any CPU
		{22A7A26C-7559-4F5A-8CB5-9B3708E63DC7}.Release|Any CPU.Build.0 = Release|Any CPU
		{96A8960B-BBB0-477E-861F-9EE3B4FB7D13}.Debug|Any CPU.ActiveCfg = Debug|Any CPU
		{96A8960B-BBB0-477E-861F-9EE3B4FB7D13}.Debug|Any CPU.Build.0 = Debug|Any CPU
		{96A8960B-BBB0-477E-861F-9EE3B4FB7D13}.Release|Any CPU.ActiveCfg = Release|Any CPU
		{96A8960B-BBB0-477E-861F-9EE3B4FB7D13}.Release|Any CPU.Build.0 = Release|Any CPU
		{B8DB04A7-8A6F-44FB-81BC-B76D6F4ED59B}.Debug|Any CPU.ActiveCfg = Debug|Any CPU
		{B8DB04A7-8A6F-44FB-81BC-B76D6F4ED59B}.Debug|Any CPU.Build.0 = Debug|Any CPU
		{B8DB04A7-8A6F-44FB-81BC-B76D6F4ED59B}.Release|Any CPU.ActiveCfg = Release|Any CPU
		{B8DB04A7-8A6F-44FB-81BC-B76D6F4ED59B}.Release|Any CPU.Build.0 = Release|Any CPU
		{81637AAF-7449-4F87-B63B-4B7478F4CB42}.Debug|Any CPU.ActiveCfg = Debug|Any CPU
		{81637AAF-7449-4F87-B63B-4B7478F4CB42}.Debug|Any CPU.Build.0 = Debug|Any CPU
		{81637AAF-7449-4F87-B63B-4B7478F4CB42}.Release|Any CPU.ActiveCfg = Release|Any CPU
		{81637AAF-7449-4F87-B63B-4B7478F4CB42}.Release|Any CPU.Build.0 = Release|Any CPU
		{E8B4EC98-D060-4588-996C-B13588BB9529}.Debug|Any CPU.ActiveCfg = Debug|Any CPU
		{E8B4EC98-D060-4588-996C-B13588BB9529}.Debug|Any CPU.Build.0 = Debug|Any CPU
		{E8B4EC98-D060-4588-996C-B13588BB9529}.Release|Any CPU.ActiveCfg = Release|Any CPU
		{E8B4EC98-D060-4588-996C-B13588BB9529}.Release|Any CPU.Build.0 = Release|Any CPU
	EndGlobalSection
	GlobalSection(NestedProjects) = preSolution
		{22A7A26C-7559-4F5A-8CB5-9B3708E63DC7} = {E02602CD-451E-47B3-9D23-83B1E9D19E12}
		{96A8960B-BBB0-477E-861F-9EE3B4FB7D13} = {E02602CD-451E-47B3-9D23-83B1E9D19E12}
		{B8DB04A7-8A6F-44FB-81BC-B76D6F4ED59B} = {E02602CD-451E-47B3-9D23-83B1E9D19E12}
		{81637AAF-7449-4F87-B63B-4B7478F4CB42} = {E02602CD-451E-47B3-9D23-83B1E9D19E12}
	EndGlobalSection
EndGlobal
